// !$*UTF8*$!
{
	archiveVersion = 1;
	classes = {
	};
	objectVersion = 50;
	objects = {

/* Begin PBXBuildFile section */
		FACD37D72388325F000BB03D /* RowView.swift in Sources */ = {isa = PBXBuildFile; fileRef = FACD37D62388325F000BB03D /* RowView.swift */; };
		FACD37D923883605000BB03D /* TaskEditingView.swift in Sources */ = {isa = PBXBuildFile; fileRef = FACD37D823883605000BB03D /* TaskEditingView.swift */; };
		FACD37DD23883795000BB03D /* IndexedCollection.swift in Sources */ = {isa = PBXBuildFile; fileRef = FACD37DB23883795000BB03D /* IndexedCollection.swift */; };
		FACD37DE23883795000BB03D /* ForEach.swift in Sources */ = {isa = PBXBuildFile; fileRef = FACD37DC23883795000BB03D /* ForEach.swift */; };
		FACD37E023883B0F000BB03D /* Task.Priority.swift in Sources */ = {isa = PBXBuildFile; fileRef = FACD37DF23883B0F000BB03D /* Task.Priority.swift */; };
		FACD37E223883B9C000BB03D /* TaskStore.PrioritizedTasks.swift in Sources */ = {isa = PBXBuildFile; fileRef = FACD37E123883B9C000BB03D /* TaskStore.PrioritizedTasks.swift */; };
		FACD37E423895E91000BB03D /* SectionView.swift in Sources */ = {isa = PBXBuildFile; fileRef = FACD37E323895E91000BB03D /* SectionView.swift */; };
		FACD37E623896445000BB03D /* Binding.swift in Sources */ = {isa = PBXBuildFile; fileRef = FACD37E523896445000BB03D /* Binding.swift */; };
		FAD55E08238816A000529E06 /* AppDelegate.swift in Sources */ = {isa = PBXBuildFile; fileRef = FAD55E07238816A000529E06 /* AppDelegate.swift */; };
		FAD55E0A238816A000529E06 /* SceneDelegate.swift in Sources */ = {isa = PBXBuildFile; fileRef = FAD55E09238816A000529E06 /* SceneDelegate.swift */; };
		FAD55E0C238816A000529E06 /* ContentView.swift in Sources */ = {isa = PBXBuildFile; fileRef = FAD55E0B238816A000529E06 /* ContentView.swift */; };
		FAD55E0E238816A100529E06 /* Assets.xcassets in Resources */ = {isa = PBXBuildFile; fileRef = FAD55E0D238816A100529E06 /* Assets.xcassets */; };
		FAD55E11238816A100529E06 /* Preview Assets.xcassets in Resources */ = {isa = PBXBuildFile; fileRef = FAD55E10238816A100529E06 /* Preview Assets.xcassets */; };
		FAD55E14238816A100529E06 /* LaunchScreen.storyboard in Resources */ = {isa = PBXBuildFile; fileRef = FAD55E12238816A100529E06 /* LaunchScreen.storyboard */; };
		FAD55E1C2388174900529E06 /* Task.swift in Sources */ = {isa = PBXBuildFile; fileRef = FAD55E1B2388174900529E06 /* Task.swift */; };
		FAD55E1F238817C300529E06 /* TaskStore.swift in Sources */ = {isa = PBXBuildFile; fileRef = FAD55E1E238817C300529E06 /* TaskStore.swift */; };
		FAD55E2123881F7600529E06 /* NewTaskView.swift in Sources */ = {isa = PBXBuildFile; fileRef = FAD55E2023881F7600529E06 /* NewTaskView.swift */; };
/* End PBXBuildFile section */

/* Begin PBXFileReference section */
		FACD37D62388325F000BB03D /* RowView.swift */ = {isa = PBXFileReference; lastKnownFileType = sourcecode.swift; path = RowView.swift; sourceTree = "<group>"; };
		FACD37D823883605000BB03D /* TaskEditingView.swift */ = {isa = PBXFileReference; lastKnownFileType = sourcecode.swift; path = TaskEditingView.swift; sourceTree = "<group>"; };
		FACD37DB23883795000BB03D /* IndexedCollection.swift */ = {isa = PBXFileReference; fileEncoding = 4; lastKnownFileType = sourcecode.swift; path = IndexedCollection.swift; sourceTree = "<group>"; };
		FACD37DC23883795000BB03D /* ForEach.swift */ = {isa = PBXFileReference; fileEncoding = 4; lastKnownFileType = sourcecode.swift; path = ForEach.swift; sourceTree = "<group>"; };
		FACD37DF23883B0F000BB03D /* Task.Priority.swift */ = {isa = PBXFileReference; lastKnownFileType = sourcecode.swift; path = Task.Priority.swift; sourceTree = "<group>"; };
		FACD37E123883B9C000BB03D /* TaskStore.PrioritizedTasks.swift */ = {isa = PBXFileReference; lastKnownFileType = sourcecode.swift; path = TaskStore.PrioritizedTasks.swift; sourceTree = "<group>"; };
		FACD37E323895E91000BB03D /* SectionView.swift */ = {isa = PBXFileReference; lastKnownFileType = sourcecode.swift; path = SectionView.swift; sourceTree = "<group>"; };
		FACD37E523896445000BB03D /* Binding.swift */ = {isa = PBXFileReference; fileEncoding = 4; lastKnownFileType = sourcecode.swift; path = Binding.swift; sourceTree = "<group>"; };
		FAD55E04238816A000529E06 /* TaskList.app */ = {isa = PBXFileReference; explicitFileType = wrapper.application; includeInIndex = 0; path = TaskList.app; sourceTree = BUILT_PRODUCTS_DIR; };
		FAD55E07238816A000529E06 /* AppDelegate.swift */ = {isa = PBXFileReference; lastKnownFileType = sourcecode.swift; path = AppDelegate.swift; sourceTree = "<group>"; };
		FAD55E09238816A000529E06 /* SceneDelegate.swift */ = {isa = PBXFileReference; lastKnownFileType = sourcecode.swift; path = SceneDelegate.swift; sourceTree = "<group>"; };
		FAD55E0B238816A000529E06 /* ContentView.swift */ = {isa = PBXFileReference; lastKnownFileType = sourcecode.swift; path = ContentView.swift; sourceTree = "<group>"; };
		FAD55E0D238816A100529E06 /* Assets.xcassets */ = {isa = PBXFileReference; lastKnownFileType = folder.assetcatalog; path = Assets.xcassets; sourceTree = "<group>"; };
		FAD55E10238816A100529E06 /* Preview Assets.xcassets */ = {isa = PBXFileReference; lastKnownFileType = folder.assetcatalog; path = "Preview Assets.xcassets"; sourceTree = "<group>"; };
		FAD55E13238816A100529E06 /* Base */ = {isa = PBXFileReference; lastKnownFileType = file.storyboard; name = Base; path = Base.lproj/LaunchScreen.storyboard; sourceTree = "<group>"; };
		FAD55E15238816A100529E06 /* Info.plist */ = {isa = PBXFileReference; lastKnownFileType = text.plist.xml; path = Info.plist; sourceTree = "<group>"; };
		FAD55E1B2388174900529E06 /* Task.swift */ = {isa = PBXFileReference; lastKnownFileType = sourcecode.swift; path = Task.swift; sourceTree = "<group>"; };
		FAD55E1E238817C300529E06 /* TaskStore.swift */ = {isa = PBXFileReference; lastKnownFileType = sourcecode.swift; path = TaskStore.swift; sourceTree = "<group>"; };
		FAD55E2023881F7600529E06 /* NewTaskView.swift */ = {isa = PBXFileReference; lastKnownFileType = sourcecode.swift; path = NewTaskView.swift; sourceTree = "<group>"; };
/* End PBXFileReference section */

/* Begin PBXFrameworksBuildPhase section */
		FAD55E01238816A000529E06 /* Frameworks */ = {
			isa = PBXFrameworksBuildPhase;
			buildActionMask = 2147483647;
			files = (
			);
			runOnlyForDeploymentPostprocessing = 0;
		};
/* End PBXFrameworksBuildPhase section */

/* Begin PBXGroup section */
		FACD37DA23883795000BB03D /* extension */ = {
			isa = PBXGroup;
			children = (
				FACD37E523896445000BB03D /* Binding.swift */,
				FACD37DB23883795000BB03D /* IndexedCollection.swift */,
				FACD37DC23883795000BB03D /* ForEach.swift */,
			);
			path = extension;
			sourceTree = "<group>";
		};
		FAD55DFB238816A000529E06 = {
			isa = PBXGroup;
			children = (
				FAD55E06238816A000529E06 /* TaskList */,
				FAD55E05238816A000529E06 /* Products */,
			);
			sourceTree = "<group>";
		};
		FAD55E05238816A000529E06 /* Products */ = {
			isa = PBXGroup;
			children = (
				FAD55E04238816A000529E06 /* TaskList.app */,
			);
			name = Products;
			sourceTree = "<group>";
		};
		FAD55E06238816A000529E06 /* TaskList */ = {
			isa = PBXGroup;
			children = (
				FACD37DA23883795000BB03D /* extension */,
				FAD55E1D2388175000529E06 /* Models */,
				FAD55E222388213700529E06 /* Views */,
				FAD55E07238816A000529E06 /* AppDelegate.swift */,
				FAD55E09238816A000529E06 /* SceneDelegate.swift */,
				FAD55E0D238816A100529E06 /* Assets.xcassets */,
				FAD55E12238816A100529E06 /* LaunchScreen.storyboard */,
				FAD55E15238816A100529E06 /* Info.plist */,
				FAD55E0F238816A100529E06 /* Preview Content */,
			);
			path = TaskList;
			sourceTree = "<group>";
		};
		FAD55E0F238816A100529E06 /* Preview Content */ = {
			isa = PBXGroup;
			children = (
				FAD55E10238816A100529E06 /* Preview Assets.xcassets */,
			);
			path = "Preview Content";
			sourceTree = "<group>";
		};
		FAD55E1D2388175000529E06 /* Models */ = {
			isa = PBXGroup;
			children = (
				FAD55E1B2388174900529E06 /* Task.swift */,
				FACD37DF23883B0F000BB03D /* Task.Priority.swift */,
				FAD55E1E238817C300529E06 /* TaskStore.swift */,
				FACD37E123883B9C000BB03D /* TaskStore.PrioritizedTasks.swift */,
			);
			path = Models;
			sourceTree = "<group>";
		};
		FAD55E222388213700529E06 /* Views */ = {
			isa = PBXGroup;
			children = (
				FAD55E0B238816A000529E06 /* ContentView.swift */,
				FACD37E323895E91000BB03D /* SectionView.swift */,
				FAD55E2023881F7600529E06 /* NewTaskView.swift */,
				FACD37D823883605000BB03D /* TaskEditingView.swift */,
				FACD37D62388325F000BB03D /* RowView.swift */,
			);
			path = Views;
			sourceTree = "<group>";
		};
/* End PBXGroup section */

/* Begin PBXNativeTarget section */
		FAD55E03238816A000529E06 /* TaskList */ = {
			isa = PBXNativeTarget;
			buildConfigurationList = FAD55E18238816A100529E06 /* Build configuration list for PBXNativeTarget "TaskList" */;
			buildPhases = (
				FAD55E00238816A000529E06 /* Sources */,
				FAD55E01238816A000529E06 /* Frameworks */,
				FAD55E02238816A000529E06 /* Resources */,
			);
			buildRules = (
			);
			dependencies = (
			);
			name = TaskList;
			productName = TaskList;
			productReference = FAD55E04238816A000529E06 /* TaskList.app */;
			productType = "com.apple.product-type.application";
		};
/* End PBXNativeTarget section */

/* Begin PBXProject section */
		FAD55DFC238816A000529E06 /* Project object */ = {
			isa = PBXProject;
			attributes = {
				LastSwiftUpdateCheck = 1120;
				LastUpgradeCheck = 1120;
				ORGANIZATIONNAME = "Oleksiy Petlyuk";
				TargetAttributes = {
					FAD55E03238816A000529E06 = {
						CreatedOnToolsVersion = 11.2.1;
					};
				};
			};
			buildConfigurationList = FAD55DFF238816A000529E06 /* Build configuration list for PBXProject "TaskList" */;
			compatibilityVersion = "Xcode 9.3";
			developmentRegion = en;
			hasScannedForEncodings = 0;
			knownRegions = (
				en,
				Base,
			);
			mainGroup = FAD55DFB238816A000529E06;
			productRefGroup = FAD55E05238816A000529E06 /* Products */;
			projectDirPath = "";
			projectRoot = "";
			targets = (
				FAD55E03238816A000529E06 /* TaskList */,
			);
		};
/* End PBXProject section */

/* Begin PBXResourcesBuildPhase section */
		FAD55E02238816A000529E06 /* Resources */ = {
			isa = PBXResourcesBuildPhase;
			buildActionMask = 2147483647;
			files = (
				FAD55E14238816A100529E06 /* LaunchScreen.storyboard in Resources */,
				FAD55E11238816A100529E06 /* Preview Assets.xcassets in Resources */,
				FAD55E0E238816A100529E06 /* Assets.xcassets in Resources */,
			);
			runOnlyForDeploymentPostprocessing = 0;
		};
/* End PBXResourcesBuildPhase section */

/* Begin PBXSourcesBuildPhase section */
		FAD55E00238816A000529E06 /* Sources */ = {
			isa = PBXSourcesBuildPhase;
			buildActionMask = 2147483647;
			files = (
				FAD55E1F238817C300529E06 /* TaskStore.swift in Sources */,
				FAD55E1C2388174900529E06 /* Task.swift in Sources */,
				FACD37DD23883795000BB03D /* IndexedCollection.swift in Sources */,
				FACD37E623896445000BB03D /* Binding.swift in Sources */,
				FACD37D923883605000BB03D /* TaskEditingView.swift in Sources */,
				FACD37D72388325F000BB03D /* RowView.swift in Sources */,
				FAD55E2123881F7600529E06 /* NewTaskView.swift in Sources */,
				FACD37E023883B0F000BB03D /* Task.Priority.swift in Sources */,
				FAD55E08238816A000529E06 /* AppDelegate.swift in Sources */,
				FACD37E423895E91000BB03D /* SectionView.swift in Sources */,
				FACD37E223883B9C000BB03D /* TaskStore.PrioritizedTasks.swift in Sources */,
				FAD55E0A238816A000529E06 /* SceneDelegate.swift in Sources */,
				FACD37DE23883795000BB03D /* ForEach.swift in Sources */,
				FAD55E0C238816A000529E06 /* ContentView.swift in Sources */,
			);
			runOnlyForDeploymentPostprocessing = 0;
		};
/* End PBXSourcesBuildPhase section */

/* Begin PBXVariantGroup section */
		FAD55E12238816A100529E06 /* LaunchScreen.storyboard */ = {
			isa = PBXVariantGroup;
			children = (
				FAD55E13238816A100529E06 /* Base */,
			);
			name = LaunchScreen.storyboard;
			sourceTree = "<group>";
		};
/* End PBXVariantGroup section */

/* Begin XCBuildConfiguration section */
		FAD55E16238816A100529E06 /* Debug */ = {
			isa = XCBuildConfiguration;
			buildSettings = {
				ALWAYS_SEARCH_USER_PATHS = NO;
				CLANG_ANALYZER_NONNULL = YES;
				CLANG_ANALYZER_NUMBER_OBJECT_CONVERSION = YES_AGGRESSIVE;
				CLANG_CXX_LANGUAGE_STANDARD = "gnu++14";
				CLANG_CXX_LIBRARY = "libc++";
				CLANG_ENABLE_MODULES = YES;
				CLANG_ENABLE_OBJC_ARC = YES;
				CLANG_ENABLE_OBJC_WEAK = YES;
				CLANG_WARN_BLOCK_CAPTURE_AUTORELEASING = YES;
				CLANG_WARN_BOOL_CONVERSION = YES;
				CLANG_WARN_COMMA = YES;
				CLANG_WARN_CONSTANT_CONVERSION = YES;
				CLANG_WARN_DEPRECATED_OBJC_IMPLEMENTATIONS = YES;
				CLANG_WARN_DIRECT_OBJC_ISA_USAGE = YES_ERROR;
				CLANG_WARN_DOCUMENTATION_COMMENTS = YES;
				CLANG_WARN_EMPTY_BODY = YES;
				CLANG_WARN_ENUM_CONVERSION = YES;
				CLANG_WARN_INFINITE_RECURSION = YES;
				CLANG_WARN_INT_CONVERSION = YES;
				CLANG_WARN_NON_LITERAL_NULL_CONVERSION = YES;
				CLANG_WARN_OBJC_IMPLICIT_RETAIN_SELF = YES;
				CLANG_WARN_OBJC_LITERAL_CONVERSION = YES;
				CLANG_WARN_OBJC_ROOT_CLASS = YES_ERROR;
				CLANG_WARN_RANGE_LOOP_ANALYSIS = YES;
				CLANG_WARN_STRICT_PROTOTYPES = YES;
				CLANG_WARN_SUSPICIOUS_MOVE = YES;
				CLANG_WARN_UNGUARDED_AVAILABILITY = YES_AGGRESSIVE;
				CLANG_WARN_UNREACHABLE_CODE = YES;
				CLANG_WARN__DUPLICATE_METHOD_MATCH = YES;
				COPY_PHASE_STRIP = NO;
				DEBUG_INFORMATION_FORMAT = dwarf;
				ENABLE_STRICT_OBJC_MSGSEND = YES;
				ENABLE_TESTABILITY = YES;
				GCC_C_LANGUAGE_STANDARD = gnu11;
				GCC_DYNAMIC_NO_PIC = NO;
				GCC_NO_COMMON_BLOCKS = YES;
				GCC_OPTIMIZATION_LEVEL = 0;
				GCC_PREPROCESSOR_DEFINITIONS = (
					"DEBUG=1",
					"$(inherited)",
				);
				GCC_WARN_64_TO_32_BIT_CONVERSION = YES;
				GCC_WARN_ABOUT_RETURN_TYPE = YES_ERROR;
				GCC_WARN_UNDECLARED_SELECTOR = YES;
				GCC_WARN_UNINITIALIZED_AUTOS = YES_AGGRESSIVE;
				GCC_WARN_UNUSED_FUNCTION = YES;
				GCC_WARN_UNUSED_VARIABLE = YES;
				IPHONEOS_DEPLOYMENT_TARGET = 13.2;
				MTL_ENABLE_DEBUG_INFO = INCLUDE_SOURCE;
				MTL_FAST_MATH = YES;
				ONLY_ACTIVE_ARCH = YES;
				SDKROOT = iphoneos;
				SWIFT_ACTIVE_COMPILATION_CONDITIONS = DEBUG;
				SWIFT_OPTIMIZATION_LEVEL = "-Onone";
			};
			name = Debug;
		};
		FAD55E17238816A100529E06 /* Release */ = {
			isa = XCBuildConfiguration;
			buildSettings = {
				ALWAYS_SEARCH_USER_PATHS = NO;
				CLANG_ANALYZER_NONNULL = YES;
				CLANG_ANALYZER_NUMBER_OBJECT_CONVERSION = YES_AGGRESSIVE;
				CLANG_CXX_LANGUAGE_STANDARD = "gnu++14";
				CLANG_CXX_LIBRARY = "libc++";
				CLANG_ENABLE_MODULES = YES;
				CLANG_ENABLE_OBJC_ARC = YES;
				CLANG_ENABLE_OBJC_WEAK = YES;
				CLANG_WARN_BLOCK_CAPTURE_AUTORELEASING = YES;
				CLANG_WARN_BOOL_CONVERSION = YES;
				CLANG_WARN_COMMA = YES;
				CLANG_WARN_CONSTANT_CONVERSION = YES;
				CLANG_WARN_DEPRECATED_OBJC_IMPLEMENTATIONS = YES;
				CLANG_WARN_DIRECT_OBJC_ISA_USAGE = YES_ERROR;
				CLANG_WARN_DOCUMENTATION_COMMENTS = YES;
				CLANG_WARN_EMPTY_BODY = YES;
				CLANG_WARN_ENUM_CONVERSION = YES;
				CLANG_WARN_INFINITE_RECURSION = YES;
				CLANG_WARN_INT_CONVERSION = YES;
				CLANG_WARN_NON_LITERAL_NULL_CONVERSION = YES;
				CLANG_WARN_OBJC_IMPLICIT_RETAIN_SELF = YES;
				CLANG_WARN_OBJC_LITERAL_CONVERSION = YES;
				CLANG_WARN_OBJC_ROOT_CLASS = YES_ERROR;
				CLANG_WARN_RANGE_LOOP_ANALYSIS = YES;
				CLANG_WARN_STRICT_PROTOTYPES = YES;
				CLANG_WARN_SUSPICIOUS_MOVE = YES;
				CLANG_WARN_UNGUARDED_AVAILABILITY = YES_AGGRESSIVE;
				CLANG_WARN_UNREACHABLE_CODE = YES;
				CLANG_WARN__DUPLICATE_METHOD_MATCH = YES;
				COPY_PHASE_STRIP = NO;
				DEBUG_INFORMATION_FORMAT = "dwarf-with-dsym";
				ENABLE_NS_ASSERTIONS = NO;
				ENABLE_STRICT_OBJC_MSGSEND = YES;
				GCC_C_LANGUAGE_STANDARD = gnu11;
				GCC_NO_COMMON_BLOCKS = YES;
				GCC_WARN_64_TO_32_BIT_CONVERSION = YES;
				GCC_WARN_ABOUT_RETURN_TYPE = YES_ERROR;
				GCC_WARN_UNDECLARED_SELECTOR = YES;
				GCC_WARN_UNINITIALIZED_AUTOS = YES_AGGRESSIVE;
				GCC_WARN_UNUSED_FUNCTION = YES;
				GCC_WARN_UNUSED_VARIABLE = YES;
				IPHONEOS_DEPLOYMENT_TARGET = 13.2;
				MTL_ENABLE_DEBUG_INFO = NO;
				MTL_FAST_MATH = YES;
				SDKROOT = iphoneos;
				SWIFT_COMPILATION_MODE = wholemodule;
				SWIFT_OPTIMIZATION_LEVEL = "-O";
				VALIDATE_PRODUCT = YES;
			};
			name = Release;
		};
		FAD55E19238816A100529E06 /* Debug */ = {
			isa = XCBuildConfiguration;
			buildSettings = {
				ASSETCATALOG_COMPILER_APPICON_NAME = AppIcon;
				CODE_SIGN_STYLE = Automatic;
				DEVELOPMENT_ASSET_PATHS = "\"TaskList/Preview Content\"";
				DEVELOPMENT_TEAM = W6MAKY98QY;
				ENABLE_PREVIEWS = YES;
				INFOPLIST_FILE = TaskList/Info.plist;
				LD_RUNPATH_SEARCH_PATHS = (
					"$(inherited)",
					"@executable_path/Frameworks",
				);
				PRODUCT_BUNDLE_IDENTIFIER = "com.oleksiy-petlyuk.TaskList";
				PRODUCT_NAME = "$(TARGET_NAME)";
				SWIFT_VERSION = 5.0;
				TARGETED_DEVICE_FAMILY = "1,2";
			};
			name = Debug;
		};
		FAD55E1A238816A100529E06 /* Release */ = {
			isa = XCBuildConfiguration;
			buildSettings = {
				ASSETCATALOG_COMPILER_APPICON_NAME = AppIcon;
				CODE_SIGN_STYLE = Automatic;
				DEVELOPMENT_ASSET_PATHS = "\"TaskList/Preview Content\"";
				DEVELOPMENT_TEAM = W6MAKY98QY;
				ENABLE_PREVIEWS = YES;
				INFOPLIST_FILE = TaskList/Info.plist;
				LD_RUNPATH_SEARCH_PATHS = (
					"$(inherited)",
					"@executable_path/Frameworks",
				);
				PRODUCT_BUNDLE_IDENTIFIER = "com.oleksiy-petlyuk.TaskList";
				PRODUCT_NAME = "$(TARGET_NAME)";
				SWIFT_VERSION = 5.0;
				TARGETED_DEVICE_FAMILY = "1,2";
			};
			name = Release;
		};
/* End XCBuildConfiguration section */

/* Begin XCConfigurationList section */
		FAD55DFF238816A000529E06 /* Build configuration list for PBXProject "TaskList" */ = {
			isa = XCConfigurationList;
			buildConfigurations = (
				FAD55E16238816A100529E06 /* Debug */,
				FAD55E17238816A100529E06 /* Release */,
			);
			defaultConfigurationIsVisible = 0;
			defaultConfigurationName = Release;
		};
		FAD55E18238816A100529E06 /* Build configuration list for PBXNativeTarget "TaskList" */ = {
			isa = XCConfigurationList;
			buildConfigurations = (
				FAD55E19238816A100529E06 /* Debug */,
				FAD55E1A238816A100529E06 /* Release */,
			);
			defaultConfigurationIsVisible = 0;
			defaultConfigurationName = Release;
		};
/* End XCConfigurationList section */
	};
	rootObject = FAD55DFC238816A000529E06 /* Project object */;
}
